{
  "name": "doc-custom-multimoedas",
  "version": "0.1.0",
  "lockfileVersion": 3,
  "requires": true,
  "packages": {
    "": {
      "name": "doc-custom-multimoedas",
      "version": "0.1.0",
      "devDependencies": {
        "@oondemand/create-central-oon": "0.6.6"
      }
    },
    "node_modules/@oondemand/create-central-oon": {
      "version": "0.6.6",
      "resolved": "https://registry.npmjs.org/@oondemand/create-central-oon/-/create-central-oon-0.6.6.tgz",
      "integrity": "sha512-7CMGtoYCnaKOMIPtSTOEMe373mE/AoPKy84YTdRhM4E0hV38aCEolJg53fmCWcg/1XlqlkgKfxBP+DiGo92XZA==",
      "dev": true,
      "license": "SEE LICENSE IN LICENSE",
      "bin": {
        "create-central-oon": "bin/cli.js",
        "scaffold-central-oon": "bin/cli.js"
      },
      "engines": {
        "node": ">=18"
      }
    }
  }
}
