{
  "name": "doc-custom-multimoedas",
  "version": "0.1.0",
  "lockfileVersion": 3,
  "requires": true,
  "packages": {
    "": {
      "name": "doc-custom-multimoedas",
      "version": "0.1.0",
      "devDependencies": {
        "@oondemand/create-central-oon": "0.4.5"
      }
    },
    "node_modules/@oondemand/create-central-oon": {
      "version": "0.4.5",
      "resolved": "https://registry.npmjs.org/@oondemand/create-central-oon/-/create-central-oon-0.4.5.tgz",
      "integrity": "sha512-MKAp2CONZ/83Ytvo6ePHtFRJ5nUSM4joB1cd38qaaqOCd+FpIxYsa7cVw16glS/9kdC3OJHx3/BOIA775AootA==",
      "dev": true,
      "license": "SEE LICENSE IN LICENSE",
      "bin": {
        "create-central-oon": "bin/cli.js",
        "scaffold-central-oon": "bin/cli.js"
      },
      "engines": {
        "node": ">=18"
      }
    }
  }
}
