{
  "name": "doc-custom-multimoedas",
  "version": "0.1.0",
  "lockfileVersion": 3,
  "requires": true,
  "packages": {
    "": {
      "name": "doc-custom-multimoedas",
      "version": "0.1.0",
      "devDependencies": {
        "@oondemand/create-central-oon": "0.4.2"
      }
    },
    "node_modules/@oondemand/create-central-oon": {
      "version": "0.4.2",
      "resolved": "https://registry.npmjs.org/@oondemand/create-central-oon/-/create-central-oon-0.4.2.tgz",
      "integrity": "sha512-ZAhG1RrW7ukBE09EWDImxBqtAWPmVTNAPQ/VzRi+qNpk0XNa1dy3gj8UjEmaIkc+ixmSafB4u+jnEjVo5/ELog==",
      "dev": true,
      "license": "SEE LICENSE IN LICENSE",
      "bin": {
        "create-central-oon": "bin/cli.js",
        "scaffold-central-oon": "bin/cli.js"
      },
      "engines": {
        "node": ">=18"
      }
    }
  }
}
